{
  "name": "bcoin-repl",
  "version": "0.0.4",
  "lockfileVersion": 1,
  "requires": true,
  "dependencies": {
    "abstract-leveldown": {
      "version": "4.0.3",
      "resolved": "https://registry.npmjs.org/abstract-leveldown/-/abstract-leveldown-4.0.3.tgz",
      "integrity": "sha512-qsIHFQy0u17JqSY+3ZUT+ykqxYY17yOfvAsLkFkw8kSQqi05d1jyj0bCuSX6sjYlXuY9cKpgUt5EudQdP4aXyA==",
      "requires": {
        "xtend": "4.0.1"
      }
    },
    "ansi-regex": {
      "version": "2.1.1",
      "resolved": "https://registry.npmjs.org/ansi-regex/-/ansi-regex-2.1.1.tgz",
      "integrity": "sha1-w7M6te42DYbg5ijwRorn7yfWVN8="
    },
    "aproba": {
      "version": "1.2.0",
      "resolved": "https://registry.npmjs.org/aproba/-/aproba-1.2.0.tgz",
      "integrity": "sha512-Y9J6ZjXtoYh8RnXVCMOU/ttDmk1aBjunq9vO0ta5x85WDQiQfUF9sIPBITdbiiIVcBo03Hi3jMxigBtsddlXRw=="
    },
    "are-we-there-yet": {
      "version": "1.1.4",
      "resolved": "https://registry.npmjs.org/are-we-there-yet/-/are-we-there-yet-1.1.4.tgz",
      "integrity": "sha1-u13KOCu5TwXhUZQ3PRb9O6HKEQ0=",
      "requires": {
        "delegates": "1.0.0",
        "readable-stream": "2.3.5"
      }
    },
    "bcfg": {
      "version": "0.0.2",
      "resolved": "https://registry.npmjs.org/bcfg/-/bcfg-0.0.2.tgz",
      "integrity": "sha512-TjK0BqT2JnowOB0ROthdcTVgAcqZaWPKAYHoFOOnaC7+UmM25PbmFx9FmhR5NqHXCCOPofDaxCIwN4izRJG7Aw=="
    },
    "bclient": {
      "version": "0.0.2",
      "resolved": "https://registry.npmjs.org/bclient/-/bclient-0.0.2.tgz",
      "integrity": "sha512-FteM2hr5oX/uhIbW4DGtnCq1PbU2o4k5K8nBzmpdeduCRi/u1tvtrEK19Q5zJuHtHgLVDq7N3q7xiooKzYBlQA==",
      "requires": {
        "bcfg": "0.0.2",
        "bcurl": "0.0.2"
      }
    },
    "bcoin": {
      "version": "git+https://github.com/bcoin-org/bcoin.git#f9c4661474b5ee34e6dda49d8d010182c68b97da",
      "requires": {
        "bcfg": "0.0.2",
        "bclient": "0.0.2",
        "bcrypto": "0.2.0",
        "bdb": "0.0.3",
        "bdns": "0.0.2",
        "bevent": "0.0.2",
        "bfile": "0.0.2",
        "bfilter": "0.1.1",
        "bheep": "0.0.1",
        "binet": "0.1.0",
        "blgr": "0.0.2",
        "blru": "0.0.1",
        "blst": "0.0.1",
        "bmutex": "0.0.2",
        "bn.js": "4.11.8",
        "bsip": "0.0.2",
        "bsock": "0.0.2",
        "bsocks": "0.0.2",
        "bstring": "0.0.2",
        "btcp": "0.0.2",
        "bufio": "0.0.3",
        "bupnp": "0.0.2",
        "bval": "0.0.2",
        "bweb": "0.0.2",
        "mrmr": "0.0.1",
        "n64": "0.1.1"
      }
    },
    "bcrypto": {
      "version": "0.2.0",
      "resolved": "https://registry.npmjs.org/bcrypto/-/bcrypto-0.2.0.tgz",
      "integrity": "sha512-QhS8lhDF4XesbtUVWuD8zrv+VKpS+q79Rsqr5eo3fjctPIxRkGlJ5ZlV/EzPL8YcwO9DH9BE61PfFwW0/p5X8g==",
      "requires": {
        "bindings": "1.3.0",
        "nan": "2.9.2",
        "secp256k1": "3.5.0"
      }
    },
    "bcurl": {
      "version": "0.0.2",
      "resolved": "https://registry.npmjs.org/bcurl/-/bcurl-0.0.2.tgz",
      "integrity": "sha512-3A+ofRqkgMWQLrs2AI0C5LZT3ktsoUSWG+npnsJRoeoyRxjboiUGUsUi9uKpB8u1zz5z495U8IWG3cB8ORcOIw==",
      "requires": {
        "brq": "0.0.2",
        "bsock": "0.0.2"
      }
    },
    "bdb": {
      "version": "0.0.3",
      "resolved": "https://registry.npmjs.org/bdb/-/bdb-0.0.3.tgz",
      "integrity": "sha512-6FP+xXZJfE1e59Si6g78a3F3VYmVOYmRTA/Wg5MKafA7SDOHWWs20ZNJ2LkG8WjB6yNBaCQg9b2Lq1BLaWOTqQ==",
      "requires": {
        "leveldown": "3.0.0"
      }
    },
    "bdns": {
      "version": "0.0.2",
      "resolved": "https://registry.npmjs.org/bdns/-/bdns-0.0.2.tgz",
      "integrity": "sha512-oTjIQljp/tWf8SB9UhBfb1EhuOIREtAfJlKKy9Ra8gtCdBcJi9tft5UyilUkw16aQpgHfiD0x/kTrTvQxgLWXA=="
    },
    "bevent": {
      "version": "0.0.2",
      "resolved": "https://registry.npmjs.org/bevent/-/bevent-0.0.2.tgz",
      "integrity": "sha512-5qEvuPoJ+9Ytl82ne7cVABc1ndL26n8qRiz7dIgtiiUCNqiSIyg52G3Og4RDKu3zhnYdJx3WpR1h5aalesEHdw=="
    },
    "bfile": {
      "version": "0.0.2",
      "resolved": "https://registry.npmjs.org/bfile/-/bfile-0.0.2.tgz",
      "integrity": "sha512-XPzp+6hUe4WztWsB1ot0QNM6hedZ3b6gba4iqiupJhfTtLpyVDOEgZ+KE8G9CB5TvXIOpkxHZWpGydURkx7tgw=="
    },
    "bfilter": {
      "version": "0.1.1",
      "resolved": "https://registry.npmjs.org/bfilter/-/bfilter-0.1.1.tgz",
      "integrity": "sha512-hbZQCIQcl/HFmlCdoaXztGdpLwv311QLLxRCM42wHwbgf9Hfda+H6iRxwRCKggI7Uhk3MiUOj1Av7NnG7O1Fsg==",
      "requires": {
        "bufio": "0.0.3",
        "mrmr": "0.0.1"
      }
    },
    "bheep": {
      "version": "0.0.1",
      "resolved": "https://registry.npmjs.org/bheep/-/bheep-0.0.1.tgz",
      "integrity": "sha512-8y0VyWz0ukP5yGz4a32kGcDLA5KYftjn4HCmTrQdtA22TZZr6JrekgL4cR2/Peaor/EU2Y18el+Rhhz1UZPW/Q=="
    },
    "bindings": {
      "version": "1.3.0",
      "resolved": "https://registry.npmjs.org/bindings/-/bindings-1.3.0.tgz",
      "integrity": "sha512-DpLh5EzMR2kzvX1KIlVC0VkC3iZtHKTgdtZ0a3pglBZdaQFjt5S9g9xd1lE+YvXyfd6mtCeRnrUfOLYiTMlNSw=="
    },
    "binet": {
      "version": "0.1.0",
      "resolved": "https://registry.npmjs.org/binet/-/binet-0.1.0.tgz",
      "integrity": "sha512-W6+Athl0kc2JqEZVvb6U5eAtsuy6+S3nQ1N0R2cMefjNJ5RLhjEEZ+JZFnMfRjleZMQ8xfe5K/v6VI9+gDi/ew==",
      "requires": {
        "bs32": "0.0.1"
      }
    },
    "bip66": {
      "version": "1.1.5",
      "resolved": "https://registry.npmjs.org/bip66/-/bip66-1.1.5.tgz",
      "integrity": "sha1-AfqHSHhcpwlV1QESF9GzE5lpyiI=",
      "requires": {
        "safe-buffer": "5.1.1"
      }
    },
    "bl": {
      "version": "1.2.2",
      "resolved": "https://registry.npmjs.org/bl/-/bl-1.2.2.tgz",
      "integrity": "sha512-e8tQYnZodmebYDWGH7KMRvtzKXaJHx3BbilrgZCfvyLUYdKpK1t5PSPmpkny/SgiTSCnjfLW7v5rlONXVFkQEA==",
      "requires": {
        "readable-stream": "2.3.5",
        "safe-buffer": "5.1.1"
      }
    },
    "blgr": {
      "version": "0.0.2",
      "resolved": "https://registry.npmjs.org/blgr/-/blgr-0.0.2.tgz",
      "integrity": "sha512-aulvxGQHEBhBmKrKy6/aEP7SkD1MI1RYKgiFojfYaf+oUzYLDd+06iUcAgk9cbZ7y9gVusxSs3ZbDj1Y/tsgeA=="
    },
    "blru": {
      "version": "0.0.1",
      "resolved": "https://registry.npmjs.org/blru/-/blru-0.0.1.tgz",
      "integrity": "sha512-qPEYqJRRzYp7+Qfk040Q93CbQJmgzUsXgVaAikl2sBkBCvziFa2kxWsovQhFtwcK07OYC2brsB1nfhZkElLvow=="
    },
    "blst": {
      "version": "0.0.1",
      "resolved": "https://registry.npmjs.org/blst/-/blst-0.0.1.tgz",
      "integrity": "sha512-bcMDCUEaTacSRYKnh/Rmm28UXWVu441zD9EqA9Oh3Lmapozj3bVd0lXY9vdHD0fSHbYvhP9OtkwWkjg/kRm1Yg=="
    },
    "bmutex": {
      "version": "0.0.2",
      "resolved": "https://registry.npmjs.org/bmutex/-/bmutex-0.0.2.tgz",
      "integrity": "sha512-D26cRGVwpMu92SCkRO89HGJSYmgKtWEA73YciFmnpIUP2gYu4xXcLm18DuBPAq9X6jsJsymGzm8H/ntV9bCD/Q=="
    },
    "bn.js": {
      "version": "4.11.8",
      "resolved": "https://registry.npmjs.org/bn.js/-/bn.js-4.11.8.tgz",
      "integrity": "sha512-ItfYfPLkWHUjckQCk8xC+LwxgK8NYcXywGigJgSwOP8Y2iyWT4f2vsZnoOXTTbo+o5yXmIUJ4gn5538SO5S3gA=="
    },
    "brorand": {
      "version": "1.1.0",
      "resolved": "https://registry.npmjs.org/brorand/-/brorand-1.1.0.tgz",
      "integrity": "sha1-EsJe/kCkXjwyPrhnWgoM5XsiNx8="
    },
    "browserify-aes": {
      "version": "1.1.1",
      "resolved": "https://registry.npmjs.org/browserify-aes/-/browserify-aes-1.1.1.tgz",
      "integrity": "sha512-UGnTYAnB2a3YuYKIRy1/4FB2HdM866E0qC46JXvVTYKlBlZlnvfpSfY6OKfXZAkv70eJ2a1SqzpAo5CRhZGDFg==",
      "requires": {
        "buffer-xor": "1.0.3",
        "cipher-base": "1.0.4",
        "create-hash": "1.1.3",
        "evp_bytestokey": "1.0.3",
        "inherits": "2.0.3",
        "safe-buffer": "5.1.1"
      }
    },
    "brq": {
      "version": "0.0.2",
      "resolved": "https://registry.npmjs.org/brq/-/brq-0.0.2.tgz",
      "integrity": "sha512-wF14aAst3eGzhw/vtPolIei6KrOsmJwOK/dJ+SH8GeD+uGUpvSt2LwunDK/W0DfvE/Gbj7AsJmG6QvBI59vWIw=="
    },
    "bs32": {
      "version": "0.0.1",
      "resolved": "https://registry.npmjs.org/bs32/-/bs32-0.0.1.tgz",
      "integrity": "sha512-rfkPO7uK1IkTKhTsz8SVNyTPcVOkq9np2tMWivAn8XKGQLcdWDYLQ2MXmIqClClVf4puy7CZx6g+n2rpjCrslg=="
    },
    "bsip": {
      "version": "0.0.2",
      "resolved": "https://registry.npmjs.org/bsip/-/bsip-0.0.2.tgz",
      "integrity": "sha512-kkcOjT1a83xZ+fNJUfzZr6ckS11Doo35SdbuIaSCfyiMNI7wLcjvrFqP2ypZ2ilNLR2ZXiZH+KlG5idhe0sWUw==",
      "requires": {
        "bindings": "1.3.0",
        "nan": "2.9.2"
      }
    },
    "bsock": {
      "version": "0.0.2",
      "resolved": "https://registry.npmjs.org/bsock/-/bsock-0.0.2.tgz",
      "integrity": "sha512-2ud6h3db9asdN4mf3aQ44sCvP4aqiN2c1LS4S/0IWSGLmDo2S509sO9KpO3k2WB3SVFw17JEACZLCbqjt3f6fQ==",
      "requires": {
        "faye-websocket": "0.11.1"
      }
    },
    "bsocks": {
      "version": "0.0.2",
      "resolved": "https://registry.npmjs.org/bsocks/-/bsocks-0.0.2.tgz",
      "integrity": "sha512-sq1A5+fLHL71wKiunKNzWggS5xJlR0KkFarDm5Zfya6k/xu2xMln0xVk4wcd2H3CdOBsxXRz/CpX6KlR+0RxMg==",
      "requires": {
        "binet": "0.1.0"
      }
    },
    "bstring": {
      "version": "0.0.2",
      "resolved": "https://registry.npmjs.org/bstring/-/bstring-0.0.2.tgz",
      "integrity": "sha512-gP+mgXfPFqWkare8F3pg2eBQH4vgtFn+Os27GhCcw3zlBcs/fCsZNYsHJMHB2UAEnsB5XeEn/aBeB0GLeDlV0Q==",
      "requires": {
        "bindings": "1.3.0",
        "nan": "2.9.2"
      }
    },
    "btcp": {
      "version": "0.0.2",
      "resolved": "https://registry.npmjs.org/btcp/-/btcp-0.0.2.tgz",
      "integrity": "sha512-L+sfQpJNGIjgD2JAL7wSQcuHukuwbxrKSJ/aLqiEMJuMGJ6GgypjgHRVkOH58IgIVM143VF/lsNEhQFGg5Vjuw=="
    },
    "buffer-xor": {
      "version": "1.0.3",
      "resolved": "https://registry.npmjs.org/buffer-xor/-/buffer-xor-1.0.3.tgz",
      "integrity": "sha1-JuYe0UIvtw3ULm42cp7VHYVf6Nk="
    },
    "bufio": {
      "version": "0.0.3",
      "resolved": "https://registry.npmjs.org/bufio/-/bufio-0.0.3.tgz",
      "integrity": "sha512-KwtwgDkz0yKbOHhCL+qpiZzVyGkBraxVgZlKnqbrJxgFog7Z4AU/yS4V0XEai9Dy5AbTeKgJqLTO1+MielWF5w==",
      "requires": {
        "n64": "0.1.1"
      }
    },
    "bupnp": {
      "version": "0.0.2",
      "resolved": "https://registry.npmjs.org/bupnp/-/bupnp-0.0.2.tgz",
      "integrity": "sha512-adIUqE5RNt6aMubp1K69kXVtFgmVINW/6A7+Mt/jH72INEY5tSCQ+tC7gfRjBvul01LVq5LmZsY+Gp8K50fi1g==",
      "requires": {
        "binet": "0.1.0",
        "brq": "0.0.2"
      }
    },
    "bval": {
      "version": "0.0.2",
      "resolved": "https://registry.npmjs.org/bval/-/bval-0.0.2.tgz",
      "integrity": "sha512-+mbNjur9nIBF1F/0l0J0wCYSW4VerS+u/o4hxPKY5Qu52Y89pcNqsHe5sVywhuzzkApExxqWUG/vFFFgWvBkaA=="
    },
    "bweb": {
      "version": "0.0.2",
      "resolved": "https://registry.npmjs.org/bweb/-/bweb-0.0.2.tgz",
      "integrity": "sha512-va2mZY90dHHaDHobfdCXouv0WdPUeF3RXQ1kySBKySxvD9cM6ApXpA3hb+4swrtjOv5iBJ+IPnpBr+29LKz9UA==",
      "requires": {
        "bsock": "0.0.2"
      }
    },
    "chownr": {
      "version": "1.0.1",
      "resolved": "https://registry.npmjs.org/chownr/-/chownr-1.0.1.tgz",
      "integrity": "sha1-4qdQQqlVGQi+vSW4Uj1fl2nXkYE="
    },
    "cipher-base": {
      "version": "1.0.4",
      "resolved": "https://registry.npmjs.org/cipher-base/-/cipher-base-1.0.4.tgz",
      "integrity": "sha512-Kkht5ye6ZGmwv40uUDZztayT2ThLQGfnj/T71N/XzeZeo3nf8foyW7zGTsPYkEya3m5f3cAypH+qe7YOrM1U2Q==",
      "requires": {
        "inherits": "2.0.3",
        "safe-buffer": "5.1.1"
      }
    },
    "code-point-at": {
      "version": "1.1.0",
      "resolved": "https://registry.npmjs.org/code-point-at/-/code-point-at-1.1.0.tgz",
      "integrity": "sha1-DQcLTQQ6W+ozovGkDi7bPZpMz3c="
    },
    "console-control-strings": {
      "version": "1.1.0",
      "resolved": "https://registry.npmjs.org/console-control-strings/-/console-control-strings-1.1.0.tgz",
      "integrity": "sha1-PXz0Rk22RG6mRL9LOVB/mFEAjo4="
    },
    "core-util-is": {
      "version": "1.0.2",
      "resolved": "https://registry.npmjs.org/core-util-is/-/core-util-is-1.0.2.tgz",
      "integrity": "sha1-tf1UIgqivFq1eqtxQMlAdUUDwac="
    },
    "create-hash": {
      "version": "1.1.3",
      "resolved": "https://registry.npmjs.org/create-hash/-/create-hash-1.1.3.tgz",
      "integrity": "sha1-YGBCrIuSYnUPSDyt2rD1gZFy2P0=",
      "requires": {
        "cipher-base": "1.0.4",
        "inherits": "2.0.3",
        "ripemd160": "2.0.1",
        "sha.js": "2.4.11"
      }
    },
    "create-hmac": {
      "version": "1.1.6",
      "resolved": "https://registry.npmjs.org/create-hmac/-/create-hmac-1.1.6.tgz",
      "integrity": "sha1-rLniIaThe9sHbpBlfEK5PjcmzwY=",
      "requires": {
        "cipher-base": "1.0.4",
        "create-hash": "1.1.3",
        "inherits": "2.0.3",
        "ripemd160": "2.0.1",
        "safe-buffer": "5.1.1",
        "sha.js": "2.4.11"
      }
    },
    "decompress-response": {
      "version": "3.3.0",
      "resolved": "https://registry.npmjs.org/decompress-response/-/decompress-response-3.3.0.tgz",
      "integrity": "sha1-gKTdMjdIOEv6JICDYirt7Jgq3/M=",
      "requires": {
        "mimic-response": "1.0.0"
      }
    },
    "deep-extend": {
      "version": "0.4.2",
      "resolved": "https://registry.npmjs.org/deep-extend/-/deep-extend-0.4.2.tgz",
      "integrity": "sha1-SLaZwn4zS/ifEIkr5DL25MfTSn8="
    },
    "delegates": {
      "version": "1.0.0",
      "resolved": "https://registry.npmjs.org/delegates/-/delegates-1.0.0.tgz",
      "integrity": "sha1-hMbhWbgZBP3KWaDvRM2HDTElD5o="
    },
    "detect-libc": {
      "version": "1.0.3",
      "resolved": "https://registry.npmjs.org/detect-libc/-/detect-libc-1.0.3.tgz",
      "integrity": "sha1-+hN8S9aY7fVc1c0CrFWfkaTEups="
    },
    "drbg.js": {
      "version": "1.0.1",
      "resolved": "https://registry.npmjs.org/drbg.js/-/drbg.js-1.0.1.tgz",
      "integrity": "sha1-Pja2xCs3BDgjzbwzLVjzHiRFSAs=",
      "requires": {
        "browserify-aes": "1.1.1",
        "create-hash": "1.1.3",
        "create-hmac": "1.1.6"
      }
    },
    "elliptic": {
      "version": "6.4.0",
      "resolved": "https://registry.npmjs.org/elliptic/-/elliptic-6.4.0.tgz",
      "integrity": "sha1-ysmvh2LIWDYYcAPI3+GT5eLq5d8=",
      "requires": {
        "bn.js": "4.11.8",
        "brorand": "1.1.0",
        "hash.js": "1.1.3",
        "hmac-drbg": "1.0.1",
        "inherits": "2.0.3",
        "minimalistic-assert": "1.0.0",
        "minimalistic-crypto-utils": "1.0.1"
      }
    },
    "end-of-stream": {
      "version": "1.4.1",
      "resolved": "https://registry.npmjs.org/end-of-stream/-/end-of-stream-1.4.1.tgz",
      "integrity": "sha512-1MkrZNvWTKCaigbn+W15elq2BB/L22nqrSY5DKlo3X6+vclJm8Bb5djXJBmEX6fS3+zCh/F4VBK5Z2KxJt4s2Q==",
      "requires": {
        "once": "1.4.0"
      }
    },
    "evp_bytestokey": {
      "version": "1.0.3",
      "resolved": "https://registry.npmjs.org/evp_bytestokey/-/evp_bytestokey-1.0.3.tgz",
      "integrity": "sha512-/f2Go4TognH/KvCISP7OUsHn85hT9nUkxxA9BEWxFn+Oj9o8ZNLm/40hdlgSLyuOimsrTKLUMEorQexp/aPQeA==",
      "requires": {
        "md5.js": "1.3.4",
        "safe-buffer": "5.1.1"
      }
    },
    "expand-template": {
      "version": "1.1.0",
      "resolved": "https://registry.npmjs.org/expand-template/-/expand-template-1.1.0.tgz",
      "integrity": "sha512-kkjwkMqj0h4w/sb32ERCDxCQkREMCAgS39DscDnSwDsbxnwwM1BTZySdC3Bn1lhY7vL08n9GoO/fVTynjDgRyQ=="
    },
    "fast-future": {
      "version": "1.0.2",
      "resolved": "https://registry.npmjs.org/fast-future/-/fast-future-1.0.2.tgz",
      "integrity": "sha1-hDWpqqAteSSNF9cE52JZMB2ZKAo="
    },
    "faye-websocket": {
      "version": "0.11.1",
      "resolved": "https://registry.npmjs.org/faye-websocket/-/faye-websocket-0.11.1.tgz",
      "integrity": "sha1-8O/hjE9W5PQK/H4Gxxn9XuYYjzg=",
      "requires": {
        "websocket-driver": "0.7.0"
      }
    },
    "gauge": {
      "version": "2.7.4",
      "resolved": "https://registry.npmjs.org/gauge/-/gauge-2.7.4.tgz",
      "integrity": "sha1-LANAXHU4w51+s3sxcCLjJfsBi/c=",
      "requires": {
        "aproba": "1.2.0",
        "console-control-strings": "1.1.0",
        "has-unicode": "2.0.1",
        "object-assign": "4.1.1",
        "signal-exit": "3.0.2",
        "string-width": "1.0.2",
        "strip-ansi": "3.0.1",
        "wide-align": "1.1.2"
      }
    },
    "github-from-package": {
      "version": "0.0.0",
      "resolved": "https://registry.npmjs.org/github-from-package/-/github-from-package-0.0.0.tgz",
      "integrity": "sha1-l/tdlr/eiXMxPyDoKI75oWf6ZM4="
    },
    "has-unicode": {
      "version": "2.0.1",
      "resolved": "https://registry.npmjs.org/has-unicode/-/has-unicode-2.0.1.tgz",
      "integrity": "sha1-4Ob+aijPUROIVeCG0Wkedx3iqLk="
    },
    "hash-base": {
      "version": "2.0.2",
      "resolved": "https://registry.npmjs.org/hash-base/-/hash-base-2.0.2.tgz",
      "integrity": "sha1-ZuodhW206KVHDK32/OI65SRO8uE=",
      "requires": {
        "inherits": "2.0.3"
      }
    },
    "hash.js": {
      "version": "1.1.3",
      "resolved": "https://registry.npmjs.org/hash.js/-/hash.js-1.1.3.tgz",
      "integrity": "sha512-/UETyP0W22QILqS+6HowevwhEFJ3MBJnwTf75Qob9Wz9t0DPuisL8kW8YZMK62dHAKE1c1p+gY1TtOLY+USEHA==",
      "requires": {
        "inherits": "2.0.3",
        "minimalistic-assert": "1.0.0"
      }
    },
    "hmac-drbg": {
      "version": "1.0.1",
      "resolved": "https://registry.npmjs.org/hmac-drbg/-/hmac-drbg-1.0.1.tgz",
      "integrity": "sha1-0nRXAQJabHdabFRXk+1QL8DGSaE=",
      "requires": {
        "hash.js": "1.1.3",
        "minimalistic-assert": "1.0.0",
        "minimalistic-crypto-utils": "1.0.1"
      }
    },
    "http-parser-js": {
      "version": "0.4.11",
      "resolved": "https://registry.npmjs.org/http-parser-js/-/http-parser-js-0.4.11.tgz",
      "integrity": "sha512-QCR5O2AjjMW8Mo4HyI1ctFcv+O99j/0g367V3YoVnrNw5hkDvAWZD0lWGcc+F4yN3V55USPCVix4efb75HxFfA=="
    },
    "inherits": {
      "version": "2.0.3",
      "resolved": "https://registry.npmjs.org/inherits/-/inherits-2.0.3.tgz",
      "integrity": "sha1-Yzwsg+PaQqUC9SRmAiSA9CCCYd4="
    },
    "ini": {
      "version": "1.3.5",
      "resolved": "https://registry.npmjs.org/ini/-/ini-1.3.5.tgz",
      "integrity": "sha512-RZY5huIKCMRWDUqZlEi72f/lmXKMvuszcMBduliQ3nnWbx9X/ZBQO7DijMEYS9EhHBb2qacRUMtC7svLwe0lcw=="
    },
    "is-fullwidth-code-point": {
      "version": "1.0.0",
      "resolved": "https://registry.npmjs.org/is-fullwidth-code-point/-/is-fullwidth-code-point-1.0.0.tgz",
      "integrity": "sha1-754xOG8DGn8NZDr4L95QxFfvAMs=",
      "requires": {
        "number-is-nan": "1.0.1"
      }
    },
    "isarray": {
      "version": "1.0.0",
      "resolved": "https://registry.npmjs.org/isarray/-/isarray-1.0.0.tgz",
      "integrity": "sha1-u5NdSFgsuhaMBoNJV6VKPgcSTxE="
    },
    "leveldown": {
      "version": "3.0.0",
      "resolved": "https://registry.npmjs.org/leveldown/-/leveldown-3.0.0.tgz",
      "integrity": "sha512-CA2mRUDTgVscTDOCvHSgYvksqj1VW7g3ss2idWfITSB7l201ahQJ81cwLTupW76idbjpx7zmmmpdttYnnHWWtA==",
      "requires": {
        "abstract-leveldown": "4.0.3",
        "bindings": "1.3.0",
        "fast-future": "1.0.2",
        "nan": "2.8.0",
        "prebuild-install": "2.5.1"
      },
      "dependencies": {
        "nan": {
          "version": "2.8.0",
          "resolved": "https://registry.npmjs.org/nan/-/nan-2.8.0.tgz",
          "integrity": "sha1-7XFfP+neArV6XmJS2QqWZ14fCFo="
        }
      }
    },
    "md5.js": {
      "version": "1.3.4",
      "resolved": "https://registry.npmjs.org/md5.js/-/md5.js-1.3.4.tgz",
      "integrity": "sha1-6b296UogpawYsENA/Fdk1bCdkB0=",
      "requires": {
        "hash-base": "3.0.4",
        "inherits": "2.0.3"
      },
      "dependencies": {
        "hash-base": {
          "version": "3.0.4",
          "resolved": "https://registry.npmjs.org/hash-base/-/hash-base-3.0.4.tgz",
          "integrity": "sha1-X8hoaEfs1zSZQDMZprCj8/auSRg=",
          "requires": {
            "inherits": "2.0.3",
            "safe-buffer": "5.1.1"
          }
        }
      }
    },
    "mimic-response": {
      "version": "1.0.0",
      "resolved": "https://registry.npmjs.org/mimic-response/-/mimic-response-1.0.0.tgz",
      "integrity": "sha1-3z02Uqc/3ta5sLJBRub9BSNTRY4="
    },
    "minimalistic-assert": {
      "version": "1.0.0",
      "resolved": "https://registry.npmjs.org/minimalistic-assert/-/minimalistic-assert-1.0.0.tgz",
      "integrity": "sha1-cCvi3aazf0g2vLP121ZkG2Sh09M="
    },
    "minimalistic-crypto-utils": {
      "version": "1.0.1",
      "resolved": "https://registry.npmjs.org/minimalistic-crypto-utils/-/minimalistic-crypto-utils-1.0.1.tgz",
      "integrity": "sha1-9sAMHAsIIkblxNmd+4x8CDsrWCo="
    },
    "minimist": {
      "version": "1.2.0",
      "resolved": "https://registry.npmjs.org/minimist/-/minimist-1.2.0.tgz",
      "integrity": "sha1-o1AIsg9BOD7sH7kU9M1d95omQoQ="
    },
    "mkdirp": {
      "version": "0.5.1",
      "resolved": "https://registry.npmjs.org/mkdirp/-/mkdirp-0.5.1.tgz",
      "integrity": "sha1-MAV0OOrGz3+MR2fzhkjWaX11yQM=",
      "requires": {
        "minimist": "0.0.8"
      },
      "dependencies": {
        "minimist": {
          "version": "0.0.8",
          "resolved": "https://registry.npmjs.org/minimist/-/minimist-0.0.8.tgz",
          "integrity": "sha1-hX/Kv8M5fSYluCKCYuhqp6ARsF0="
        }
      }
    },
    "mrmr": {
      "version": "0.0.1",
      "resolved": "https://registry.npmjs.org/mrmr/-/mrmr-0.0.1.tgz",
      "integrity": "sha512-X5dEuFXvLWsFLg1uKOWPo9N3VkIVW64DzS4BvlIi/JAIo5rW5kHDV/L7UfFRJXX5RyHktt2NB+hqGVTMLiP7qQ==",
      "requires": {
        "bindings": "1.3.0",
        "nan": "2.9.2"
      }
    },
    "n64": {
      "version": "0.1.1",
      "resolved": "https://registry.npmjs.org/n64/-/n64-0.1.1.tgz",
      "integrity": "sha512-5jQDjzXpXD32HMgD5FZ+M7lHv9LrZNfJi7RLKqQK0TKhlr7ePl8k2UnUge1kOpmYNyaY3OZAUuPgCUXzIr37nQ=="
    },
    "nan": {
      "version": "2.9.2",
      "resolved": "https://registry.npmjs.org/nan/-/nan-2.9.2.tgz",
      "integrity": "sha512-ltW65co7f3PQWBDbqVvaU1WtFJUsNW7sWWm4HINhbMQIyVyzIeyZ8toX5TC5eeooE6piZoaEh4cZkueSKG3KYw=="
    },
    "node-abi": {
      "version": "2.3.0",
      "resolved": "https://registry.npmjs.org/node-abi/-/node-abi-2.3.0.tgz",
      "integrity": "sha512-zwm6vU3SsVgw3e9fu48JBaRBCJGIvAgysDsqtf5+vEexFE71bEOtaMWb5zr/zODZNzTPtQlqUUpC79k68Hspow==",
      "requires": {
        "semver": "5.5.0"
      }
    },
    "noop-logger": {
      "version": "0.1.1",
      "resolved": "https://registry.npmjs.org/noop-logger/-/noop-logger-0.1.1.tgz",
      "integrity": "sha1-lKKxYzxPExdVMAfYlm/Q6EG2pMI="
    },
    "npmlog": {
      "version": "4.1.2",
      "resolved": "https://registry.npmjs.org/npmlog/-/npmlog-4.1.2.tgz",
      "integrity": "sha512-2uUqazuKlTaSI/dC8AzicUck7+IrEaOnN/e0jd3Xtt1KcGpwx30v50mL7oPyr/h9bL3E4aZccVwpwP+5W9Vjkg==",
      "requires": {
        "are-we-there-yet": "1.1.4",
        "console-control-strings": "1.1.0",
        "gauge": "2.7.4",
        "set-blocking": "2.0.0"
      }
    },
    "number-is-nan": {
      "version": "1.0.1",
      "resolved": "https://registry.npmjs.org/number-is-nan/-/number-is-nan-1.0.1.tgz",
      "integrity": "sha1-CXtgK1NCKlIsGvuHkDGDNpQaAR0="
    },
    "object-assign": {
      "version": "4.1.1",
      "resolved": "https://registry.npmjs.org/object-assign/-/object-assign-4.1.1.tgz",
      "integrity": "sha1-IQmtx5ZYh8/AXLvUQsrIv7s2CGM="
    },
    "once": {
      "version": "1.4.0",
      "resolved": "https://registry.npmjs.org/once/-/once-1.4.0.tgz",
      "integrity": "sha1-WDsap3WWHUsROsF9nFC6753Xa9E=",
      "requires": {
        "wrappy": "1.0.2"
      }
    },
    "os-homedir": {
      "version": "1.0.2",
      "resolved": "https://registry.npmjs.org/os-homedir/-/os-homedir-1.0.2.tgz",
      "integrity": "sha1-/7xJiDNuDoM94MFox+8VISGqf7M="
    },
    "prebuild-install": {
      "version": "2.5.1",
      "resolved": "https://registry.npmjs.org/prebuild-install/-/prebuild-install-2.5.1.tgz",
      "integrity": "sha512-3DX9L6pzwc1m1ksMkW3Ky2WLgPQUBiySOfXVl3WZyAeJSyJb4wtoH9OmeRGcubAWsMlLiL8BTHbwfm/jPQE9Ag==",
      "requires": {
        "detect-libc": "1.0.3",
        "expand-template": "1.1.0",
        "github-from-package": "0.0.0",
        "minimist": "1.2.0",
        "mkdirp": "0.5.1",
        "node-abi": "2.3.0",
        "noop-logger": "0.1.1",
        "npmlog": "4.1.2",
        "os-homedir": "1.0.2",
        "pump": "2.0.1",
        "rc": "1.2.6",
        "simple-get": "2.7.0",
        "tar-fs": "1.16.0",
        "tunnel-agent": "0.6.0",
        "which-pm-runs": "1.0.0"
      }
    },
    "process-nextick-args": {
      "version": "2.0.0",
      "resolved": "https://registry.npmjs.org/process-nextick-args/-/process-nextick-args-2.0.0.tgz",
      "integrity": "sha512-MtEC1TqN0EU5nephaJ4rAtThHtC86dNN9qCuEhtshvpVBkAW5ZO7BASN9REnF9eoXGcRub+pFuKEpOHE+HbEMw=="
    },
    "pump": {
      "version": "2.0.1",
      "resolved": "https://registry.npmjs.org/pump/-/pump-2.0.1.tgz",
      "integrity": "sha512-ruPMNRkN3MHP1cWJc9OWr+T/xDP0jhXYCLfJcBuX54hhfIBnaQmAUMfDcG4DM5UMWByBbJY69QSphm3jtDKIkA==",
      "requires": {
        "end-of-stream": "1.4.1",
        "once": "1.4.0"
      }
    },
    "rc": {
      "version": "1.2.6",
      "resolved": "https://registry.npmjs.org/rc/-/rc-1.2.6.tgz",
      "integrity": "sha1-6xiYnG1PTxYsOZ953dKfODVWgJI=",
      "requires": {
        "deep-extend": "0.4.2",
        "ini": "1.3.5",
        "minimist": "1.2.0",
        "strip-json-comments": "2.0.1"
      }
    },
    "readable-stream": {
      "version": "2.3.5",
      "resolved": "https://registry.npmjs.org/readable-stream/-/readable-stream-2.3.5.tgz",
      "integrity": "sha512-tK0yDhrkygt/knjowCUiWP9YdV7c5R+8cR0r/kt9ZhBU906Fs6RpQJCEilamRJj1Nx2rWI6LkW9gKqjTkshhEw==",
      "requires": {
        "core-util-is": "1.0.2",
        "inherits": "2.0.3",
        "isarray": "1.0.0",
        "process-nextick-args": "2.0.0",
        "safe-buffer": "5.1.1",
        "string_decoder": "1.0.3",
        "util-deprecate": "1.0.2"
      }
    },
    "ripemd160": {
      "version": "2.0.1",
      "resolved": "https://registry.npmjs.org/ripemd160/-/ripemd160-2.0.1.tgz",
      "integrity": "sha1-D0WEKVxTo2KK9+bXmsohzlfRxuc=",
      "requires": {
        "hash-base": "2.0.2",
        "inherits": "2.0.3"
      }
    },
    "safe-buffer": {
      "version": "5.1.1",
      "resolved": "https://registry.npmjs.org/safe-buffer/-/safe-buffer-5.1.1.tgz",
      "integrity": "sha512-kKvNJn6Mm93gAczWVJg7wH+wGYWNrDHdWvpUmHyEsgCtIwwo3bqPtV4tR5tuPaUhTOo/kvhVwd8XwwOllGYkbg=="
    },
    "secp256k1": {
      "version": "3.5.0",
      "resolved": "https://registry.npmjs.org/secp256k1/-/secp256k1-3.5.0.tgz",
      "integrity": "sha512-e5QIJl8W7Y4tT6LHffVcZAxJjvpgE5Owawv6/XCYPQljE9aP2NFFddQ8OYMKhdLshNu88FfL3qCN3/xYkXGRsA==",
      "requires": {
        "bindings": "1.3.0",
        "bip66": "1.1.5",
        "bn.js": "4.11.8",
        "create-hash": "1.1.3",
        "drbg.js": "1.0.1",
        "elliptic": "6.4.0",
        "nan": "2.9.2",
        "safe-buffer": "5.1.1"
      }
    },
    "semver": {
      "version": "5.5.0",
      "resolved": "https://registry.npmjs.org/semver/-/semver-5.5.0.tgz",
      "integrity": "sha512-4SJ3dm0WAwWy/NVeioZh5AntkdJoWKxHxcmyP622fOkgHa4z3R0TdBJICINyaSDE6uNwVc8gZr+ZinwZAH4xIA=="
    },
    "set-blocking": {
      "version": "2.0.0",
      "resolved": "https://registry.npmjs.org/set-blocking/-/set-blocking-2.0.0.tgz",
      "integrity": "sha1-BF+XgtARrppoA93TgrJDkrPYkPc="
    },
    "sha.js": {
      "version": "2.4.11",
      "resolved": "https://registry.npmjs.org/sha.js/-/sha.js-2.4.11.tgz",
      "integrity": "sha512-QMEp5B7cftE7APOjk5Y6xgrbWu+WkLVQwk8JNjZ8nKRciZaByEW6MubieAiToS7+dwvrjGhH8jRXz3MVd0AYqQ==",
      "requires": {
        "inherits": "2.0.3",
        "safe-buffer": "5.1.1"
      }
    },
    "signal-exit": {
      "version": "3.0.2",
      "resolved": "https://registry.npmjs.org/signal-exit/-/signal-exit-3.0.2.tgz",
      "integrity": "sha1-tf3AjxKH6hF4Yo5BXiUTK3NkbG0="
    },
    "simple-concat": {
      "version": "1.0.0",
      "resolved": "https://registry.npmjs.org/simple-concat/-/simple-concat-1.0.0.tgz",
      "integrity": "sha1-c0TLuLbib7J9ZrL8hvn21Zl1IcY="
    },
    "simple-get": {
      "version": "2.7.0",
      "resolved": "https://registry.npmjs.org/simple-get/-/simple-get-2.7.0.tgz",
      "integrity": "sha512-RkE9rGPHcxYZ/baYmgJtOSM63vH0Vyq+ma5TijBcLla41SWlh8t6XYIGMR/oeZcmr+/G8k+zrClkkVrtnQ0esg==",
      "requires": {
        "decompress-response": "3.3.0",
        "once": "1.4.0",
        "simple-concat": "1.0.0"
      }
    },
    "string-width": {
      "version": "1.0.2",
      "resolved": "https://registry.npmjs.org/string-width/-/string-width-1.0.2.tgz",
      "integrity": "sha1-EYvfW4zcUaKn5w0hHgfisLmxB9M=",
      "requires": {
        "code-point-at": "1.1.0",
        "is-fullwidth-code-point": "1.0.0",
        "strip-ansi": "3.0.1"
      }
    },
    "string_decoder": {
      "version": "1.0.3",
      "resolved": "https://registry.npmjs.org/string_decoder/-/string_decoder-1.0.3.tgz",
      "integrity": "sha512-4AH6Z5fzNNBcH+6XDMfA/BTt87skxqJlO0lAh3Dker5zThcAxG6mKz+iGu308UKoPPQ8Dcqx/4JhujzltRa+hQ==",
      "requires": {
        "safe-buffer": "5.1.1"
      }
    },
    "strip-ansi": {
      "version": "3.0.1",
      "resolved": "https://registry.npmjs.org/strip-ansi/-/strip-ansi-3.0.1.tgz",
      "integrity": "sha1-ajhfuIU9lS1f8F0Oiq+UJ43GPc8=",
      "requires": {
        "ansi-regex": "2.1.1"
      }
    },
    "strip-json-comments": {
      "version": "2.0.1",
      "resolved": "https://registry.npmjs.org/strip-json-comments/-/strip-json-comments-2.0.1.tgz",
      "integrity": "sha1-PFMZQukIwml8DsNEhYwobHygpgo="
    },
    "tar-fs": {
      "version": "1.16.0",
      "resolved": "https://registry.npmjs.org/tar-fs/-/tar-fs-1.16.0.tgz",
      "integrity": "sha512-I9rb6v7mjWLtOfCau9eH5L7sLJyU2BnxtEZRQ5Mt+eRKmf1F0ohXmT/Jc3fr52kDvjJ/HV5MH3soQfPL5bQ0Yg==",
      "requires": {
        "chownr": "1.0.1",
        "mkdirp": "0.5.1",
        "pump": "1.0.3",
        "tar-stream": "1.5.5"
      },
      "dependencies": {
        "pump": {
          "version": "1.0.3",
          "resolved": "https://registry.npmjs.org/pump/-/pump-1.0.3.tgz",
          "integrity": "sha512-8k0JupWme55+9tCVE+FS5ULT3K6AbgqrGa58lTT49RpyfwwcGedHqaC5LlQNdEAumn/wFsu6aPwkuPMioy8kqw==",
          "requires": {
            "end-of-stream": "1.4.1",
            "once": "1.4.0"
          }
        }
      }
    },
    "tar-stream": {
      "version": "1.5.5",
      "resolved": "https://registry.npmjs.org/tar-stream/-/tar-stream-1.5.5.tgz",
      "integrity": "sha512-mQdgLPc/Vjfr3VWqWbfxW8yQNiJCbAZ+Gf6GDu1Cy0bdb33ofyiNGBtAY96jHFhDuivCwgW1H9DgTON+INiXgg==",
      "requires": {
        "bl": "1.2.2",
        "end-of-stream": "1.4.1",
        "readable-stream": "2.3.5",
        "xtend": "4.0.1"
      }
    },
    "tunnel-agent": {
      "version": "0.6.0",
      "resolved": "https://registry.npmjs.org/tunnel-agent/-/tunnel-agent-0.6.0.tgz",
      "integrity": "sha1-J6XeoGs2sEoKmWZ3SykIaPD8QP0=",
      "requires": {
        "safe-buffer": "5.1.1"
      }
    },
    "util-deprecate": {
      "version": "1.0.2",
      "resolved": "https://registry.npmjs.org/util-deprecate/-/util-deprecate-1.0.2.tgz",
      "integrity": "sha1-RQ1Nyfpw3nMnYvvS1KKJgUGaDM8="
    },
    "websocket-driver": {
      "version": "0.7.0",
      "resolved": "https://registry.npmjs.org/websocket-driver/-/websocket-driver-0.7.0.tgz",
      "integrity": "sha1-DK+dLXVdk67gSdS90NP+LMoqJOs=",
      "requires": {
        "http-parser-js": "0.4.11",
        "websocket-extensions": "0.1.3"
      }
    },
    "websocket-extensions": {
      "version": "0.1.3",
      "resolved": "https://registry.npmjs.org/websocket-extensions/-/websocket-extensions-0.1.3.tgz",
      "integrity": "sha512-nqHUnMXmBzT0w570r2JpJxfiSD1IzoI+HGVdd3aZ0yNi3ngvQ4jv1dtHt5VGxfI2yj5yqImPhOK4vmIh2xMbGg=="
    },
    "which-pm-runs": {
      "version": "1.0.0",
      "resolved": "https://registry.npmjs.org/which-pm-runs/-/which-pm-runs-1.0.0.tgz",
      "integrity": "sha1-Zws6+8VS4LVd9rd4DKdGFfI60cs="
    },
    "wide-align": {
      "version": "1.1.2",
      "resolved": "https://registry.npmjs.org/wide-align/-/wide-align-1.1.2.tgz",
      "integrity": "sha512-ijDLlyQ7s6x1JgCLur53osjm/UXUYD9+0PbYKrBsYisYXzCxN+HC3mYDNy/dWdmf3AwqwU3CXwDCvsNgGK1S0w==",
      "requires": {
        "string-width": "1.0.2"
      }
    },
    "wrappy": {
      "version": "1.0.2",
      "resolved": "https://registry.npmjs.org/wrappy/-/wrappy-1.0.2.tgz",
      "integrity": "sha1-tSQ9jz7BqjXxNkYFvA0QNuMKtp8="
    },
    "xtend": {
      "version": "4.0.1",
      "resolved": "https://registry.npmjs.org/xtend/-/xtend-4.0.1.tgz",
      "integrity": "sha1-pcbVMr5lbiPbgg77lDofBJmNY68="
    }
  }
}
